
Microsoft Visual Studio Solution File, Format Version 12.00
# Visual Studio 14
VisualStudioVersion = 14.0.25123.0
MinimumVisualStudioVersion = 10.0.40219.1
Project("{FAE04EC0-301F-11D3-BF4B-00C04F79EFBC}") = "Elearner", "Elearner\Elearner.csproj", "{B09D56E0-76A5-49E5-8017-D146A9C45482}"
EndProject
Project("{FAE04EC0-301F-11D3-BF4B-00C04F79EFBC}") = "Elearner.Tests", "Elearner.Tests\Elearner.Tests.csproj", "{FEF90FCE-83EF-4B66-A1A1-53CF8C0153E3}"
EndProject
Global
	GlobalSection(SolutionConfigurationPlatforms) = preSolution
		Debug|Any CPU = Debug|Any CPU
		Debug|x64 = Debug|x64
		Release|Any CPU = Release|Any CPU
		Release|x64 = Release|x64
	EndGlobalSection
	GlobalSection(ProjectConfigurationPlatforms) = postSolution
		{B09D56E0-76A5-49E5-8017-D146A9C45482}.Debug|Any CPU.ActiveCfg = Debug|Any CPU
		{B09D56E0-76A5-49E5-8017-D146A9C45482}.Debug|Any CPU.Build.0 = Debug|Any CPU
		{B09D56E0-76A5-49E5-8017-D146A9C45482}.Debug|x64.ActiveCfg = Debug|x64
		{B09D56E0-76A5-49E5-8017-D146A9C45482}.Debug|x64.Build.0 = Debug|x64
		{B09D56E0-76A5-49E5-8017-D146A9C45482}.Release|Any CPU.ActiveCfg = Release|Any CPU
		{B09D56E0-76A5-49E5-8017-D146A9C45482}.Release|Any CPU.Build.0 = Release|Any CPU
		{B09D56E0-76A5-49E5-8017-D146A9C45482}.Release|x64.ActiveCfg = Release|x64
		{B09D56E0-76A5-49E5-8017-D146A9C45482}.Release|x64.Build.0 = Release|x64
		{B09D56E0-76A5-49E5-8017-D146A9C45482}.Release|x64.Deploy.0 = Release|x64
		{FEF90FCE-83EF-4B66-A1A1-53CF8C0153E3}.Debug|Any CPU.ActiveCfg = Debug|Any CPU
		{FEF90FCE-83EF-4B66-A1A1-53CF8C0153E3}.Debug|Any CPU.Build.0 = Debug|Any CPU
		{FEF90FCE-83EF-4B66-A1A1-53CF8C0153E3}.Debug|x64.ActiveCfg = Debug|x64
		{FEF90FCE-83EF-4B66-A1A1-53CF8C0153E3}.Debug|x64.Build.0 = Debug|x64
		{FEF90FCE-83EF-4B66-A1A1-53CF8C0153E3}.Release|Any CPU.ActiveCfg = Release|Any CPU
		{FEF90FCE-83EF-4B66-A1A1-53CF8C0153E3}.Release|Any CPU.Build.0 = Release|Any CPU
		{FEF90FCE-83EF-4B66-A1A1-53CF8C0153E3}.Release|x64.ActiveCfg = Release|x64
		{FEF90FCE-83EF-4B66-A1A1-53CF8C0153E3}.Release|x64.Build.0 = Release|x64
	EndGlobalSection
	GlobalSection(SolutionProperties) = preSolution
		HideSolutionNode = FALSE
	EndGlobalSection
EndGlobal
